
Microsoft Visual Studio Solution File, Format Version 12.00
# Visual Studio Version 16
VisualStudioVersion = 16.0.28803.156
MinimumVisualStudioVersion = 10.0.40219.1
Project("{FAE04EC0-301F-11D3-BF4B-00C04F79EFBC}") = "5eMassCombatRoller", "5eMassCombatRoller\5eMassCombatRoller.csproj", "{F99BD76C-9955-48C4-9FFE-9071713E4A0F}"
EndProject
Global
	GlobalSection(SolutionConfigurationPlatforms) = preSolution
		Debug|Any CPU = Debug|Any CPU
		Release|Any CPU = Release|Any CPU
	EndGlobalSection
	GlobalSection(ProjectConfigurationPlatforms) = postSolution
		{F99BD76C-9955-48C4-9FFE-9071713E4A0F}.Debug|Any CPU.ActiveCfg = Debug|Any CPU
		{F99BD76C-9955-48C4-9FFE-9071713E4A0F}.Debug|Any CPU.Build.0 = Debug|Any CPU
		{F99BD76C-9955-48C4-9FFE-9071713E4A0F}.Release|Any CPU.ActiveCfg = Release|Any CPU
		{F99BD76C-9955-48C4-9FFE-9071713E4A0F}.Release|Any CPU.Build.0 = Release|Any CPU
	EndGlobalSection
	GlobalSection(SolutionProperties) = preSolution
		HideSolutionNode = FALSE
	EndGlobalSection
	GlobalSection(ExtensibilityGlobals) = postSolution
		SolutionGuid = {D3817425-50CC-4A08-91E2-35AC8304070E}
	EndGlobalSection
EndGlobal
